{
    "_readme": [
        "This file locks the dependencies of your project to a known state",
        "Read more about it at https://getcomposer.org/doc/01-basic-usage.md#installing-dependencies",
        "This file is @generated automatically"
    ],
    "content-hash": "6bc395568762cb92c20503a6edfff672",
    "packages": [
        {
            "name": "ocramius/package-versions",
            "version": "1.5.1",
            "source": {
                "type": "git",
                "url": "https://github.com/Ocramius/PackageVersions.git",
                "reference": "1d32342b8c1eb27353c8887c366147b4c2da673c"
            },
            "dist": {
                "type": "zip",
                "url": "https://fidata.jfrog.io/artifactory/api/composer/org.packagist/vcs-dists/zip/Ocramius/PackageVersions/1d32342b8c1eb27353c8887c366147b4c2da673c",
                "reference": "1d32342b8c1eb27353c8887c366147b4c2da673c",
                "shasum": ""
            },
            "require": {
                "composer-plugin-api": "^1.0.0",
                "php": "^7.3.0"
            },
            "require-dev": {
                "composer/composer": "^1.8.6",
                "doctrine/coding-standard": "^6.0.0",
                "ext-zip": "*",
                "infection/infection": "^0.13.4",
                "phpunit/phpunit": "^8.2.5",
                "vimeo/psalm": "^3.4.9"
            },
            "type": "composer-plugin",
            "extra": {
                "class": "PackageVersions\\Installer",
                "branch-alias": {
                    "dev-master": "1.6.x-dev"
                }
            },
            "autoload": {
                "psr-4": {
                    "PackageVersions\\": "src/PackageVersions"
                }
            },
            "license": [
                "MIT"
            ],
            "authors": [
                {
                    "name": "Marco Pivetta",
                    "email": "ocramius@gmail.com"
                }
            ],
            "description": "Composer plugin that provides efficient querying for installed package versions (no runtime IO)",
            "time": "2019-07-17T15:49:50+00:00"
        }
    ],
    "packages-dev": [],
    "aliases": [],
    "minimum-stability": "stable",
    "stability-flags": [],
    "prefer-stable": false,
    "prefer-lowest": false,
    "platform": [],
    "platform-dev": [],
    "plugin-api-version": "1.1.0"
}
